
Microsoft Visual Studio Solution File, Format Version 12.00
# Visual Studio Version 16
VisualStudioVersion = 16.0.34114.132
MinimumVisualStudioVersion = 10.0.40219.1
Project("{FAE04EC0-301F-11D3-BF4B-00C04F79EFBC}") = "PACS_SpaceShip", "PACS_SpaceShip\PACS_SpaceShip.csproj", "{B6617830-6D54-426A-BE60-B0562CEE73AE}"
EndProject
Project("{FAE04EC0-301F-11D3-BF4B-00C04F79EFBC}") = "FTP", "FTP\FTP.csproj", "{9BE10B7C-2DDD-4469-82C8-6D888F73886C}"
EndProject
Project("{FAE04EC0-301F-11D3-BF4B-00C04F79EFBC}") = "DataAccess", "DataAccess\DataAccess.csproj", "{51482522-7F37-4201-BCA0-C687F789E9BE}"
EndProject
Project("{FAE04EC0-301F-11D3-BF4B-00C04F79EFBC}") = "Workflow", "Workflow\Workflow.csproj", "{127AFFC8-FA45-4B48-B1C0-F48B5ED7CD0D}"
EndProject
Project("{FAE04EC0-301F-11D3-BF4B-00C04F79EFBC}") = "Encrypting", "Encrypting\Encrypting.csproj", "{BE43FA48-1008-4D8D-B05C-EDAD5F0C6CD8}"
EndProject
Project("{FAE04EC0-301F-11D3-BF4B-00C04F79EFBC}") = "CodificationUtils", "CodificationUtils\CodificationUtils.csproj", "{5BE4C2BA-4E28-4231-9468-69D949BBCC84}"
EndProject
Project("{FAE04EC0-301F-11D3-BF4B-00C04F79EFBC}") = "Model", "Model\Model.csproj", "{6DC11A4B-7EA8-4ECE-81DF-94B73E9EFB37}"
EndProject
Global
	GlobalSection(SolutionConfigurationPlatforms) = preSolution
		Debug|Any CPU = Debug|Any CPU
		Release|Any CPU = Release|Any CPU
	EndGlobalSection
	GlobalSection(ProjectConfigurationPlatforms) = postSolution
		{B6617830-6D54-426A-BE60-B0562CEE73AE}.Debug|Any CPU.ActiveCfg = Debug|Any CPU
		{B6617830-6D54-426A-BE60-B0562CEE73AE}.Debug|Any CPU.Build.0 = Debug|Any CPU
		{B6617830-6D54-426A-BE60-B0562CEE73AE}.Release|Any CPU.ActiveCfg = Release|Any CPU
		{B6617830-6D54-426A-BE60-B0562CEE73AE}.Release|Any CPU.Build.0 = Release|Any CPU
		{9BE10B7C-2DDD-4469-82C8-6D888F73886C}.Debug|Any CPU.ActiveCfg = Debug|Any CPU
		{9BE10B7C-2DDD-4469-82C8-6D888F73886C}.Debug|Any CPU.Build.0 = Debug|Any CPU
		{9BE10B7C-2DDD-4469-82C8-6D888F73886C}.Release|Any CPU.ActiveCfg = Release|Any CPU
		{9BE10B7C-2DDD-4469-82C8-6D888F73886C}.Release|Any CPU.Build.0 = Release|Any CPU
		{51482522-7F37-4201-BCA0-C687F789E9BE}.Debug|Any CPU.ActiveCfg = Debug|Any CPU
		{51482522-7F37-4201-BCA0-C687F789E9BE}.Debug|Any CPU.Build.0 = Debug|Any CPU
		{51482522-7F37-4201-BCA0-C687F789E9BE}.Release|Any CPU.ActiveCfg = Release|Any CPU
		{51482522-7F37-4201-BCA0-C687F789E9BE}.Release|Any CPU.Build.0 = Release|Any CPU
		{127AFFC8-FA45-4B48-B1C0-F48B5ED7CD0D}.Debug|Any CPU.ActiveCfg = Debug|Any CPU
		{127AFFC8-FA45-4B48-B1C0-F48B5ED7CD0D}.Debug|Any CPU.Build.0 = Debug|Any CPU
		{127AFFC8-FA45-4B48-B1C0-F48B5ED7CD0D}.Release|Any CPU.ActiveCfg = Release|Any CPU
		{127AFFC8-FA45-4B48-B1C0-F48B5ED7CD0D}.Release|Any CPU.Build.0 = Release|Any CPU
		{BE43FA48-1008-4D8D-B05C-EDAD5F0C6CD8}.Debug|Any CPU.ActiveCfg = Debug|Any CPU
		{BE43FA48-1008-4D8D-B05C-EDAD5F0C6CD8}.Debug|Any CPU.Build.0 = Debug|Any CPU
		{BE43FA48-1008-4D8D-B05C-EDAD5F0C6CD8}.Release|Any CPU.ActiveCfg = Release|Any CPU
		{BE43FA48-1008-4D8D-B05C-EDAD5F0C6CD8}.Release|Any CPU.Build.0 = Release|Any CPU
		{5BE4C2BA-4E28-4231-9468-69D949BBCC84}.Debug|Any CPU.ActiveCfg = Debug|Any CPU
		{5BE4C2BA-4E28-4231-9468-69D949BBCC84}.Debug|Any CPU.Build.0 = Debug|Any CPU
		{5BE4C2BA-4E28-4231-9468-69D949BBCC84}.Release|Any CPU.ActiveCfg = Release|Any CPU
		{5BE4C2BA-4E28-4231-9468-69D949BBCC84}.Release|Any CPU.Build.0 = Release|Any CPU
		{6DC11A4B-7EA8-4ECE-81DF-94B73E9EFB37}.Debug|Any CPU.ActiveCfg = Debug|Any CPU
		{6DC11A4B-7EA8-4ECE-81DF-94B73E9EFB37}.Debug|Any CPU.Build.0 = Debug|Any CPU
		{6DC11A4B-7EA8-4ECE-81DF-94B73E9EFB37}.Release|Any CPU.ActiveCfg = Release|Any CPU
		{6DC11A4B-7EA8-4ECE-81DF-94B73E9EFB37}.Release|Any CPU.Build.0 = Release|Any CPU
	EndGlobalSection
	GlobalSection(SolutionProperties) = preSolution
		HideSolutionNode = FALSE
	EndGlobalSection
	GlobalSection(ExtensibilityGlobals) = postSolution
		SolutionGuid = {869501DD-62D0-4F5C-9EDE-3D8C12A6A39B}
	EndGlobalSection
EndGlobal
